
Microsoft Visual Studio Solution File, Format Version 12.00
# Visual Studio 15
VisualStudioVersion = 15.0.26124.0
MinimumVisualStudioVersion = 15.0.26124.0
Project("{FAE04EC0-301F-11D3-BF4B-00C04F79EFBC}") = "Day2", "Day2\Day2.csproj", "{A66206F7-8FC4-4C6E-823B-77B49A1102F8}"
EndProject
Project("{FAE04EC0-301F-11D3-BF4B-00C04F79EFBC}") = "Day2.Tests", "Day2.Tests\Day2.Tests.csproj", "{B9758DDF-059F-4A9A-8DB5-CDF5F440928D}"
EndProject
Project("{FAE04EC0-301F-11D3-BF4B-00C04F79EFBC}") = "Day3", "Day3\Day3.csproj", "{BD668961-8249-499F-8850-9596D8D1230B}"
EndProject
Project("{FAE04EC0-301F-11D3-BF4B-00C04F79EFBC}") = "Day3.Tests", "Day3.Tests\Day3.Tests.csproj", "{921D75AA-1D66-4A06-8BEB-260A51C02999}"
EndProject
Project("{FAE04EC0-301F-11D3-BF4B-00C04F79EFBC}") = "Day4", "Day4\Day4.csproj", "{46E76997-DC13-4CC6-9017-7203271FE94C}"
EndProject
Project("{FAE04EC0-301F-11D3-BF4B-00C04F79EFBC}") = "Day4.Tests", "Day4.Tests\Day4.Tests.csproj", "{287FFA4C-A59B-4A68-A6E3-668CEB951F75}"
EndProject
Project("{FAE04EC0-301F-11D3-BF4B-00C04F79EFBC}") = "Day5", "Day5\Day5.csproj", "{CFF61163-0996-4C05-8CBF-386863AC33C9}"
EndProject
Project("{FAE04EC0-301F-11D3-BF4B-00C04F79EFBC}") = "Day5.Tests", "Day5.Tests\Day5.Tests.csproj", "{05370F75-2BAF-4C07-AEAF-87D804E1F5DE}"
EndProject
Project("{FAE04EC0-301F-11D3-BF4B-00C04F79EFBC}") = "Day6", "Day6\Day6.csproj", "{CAF3FBA3-5A85-4B9A-BD4B-1F5BC636C29D}"
EndProject
Project("{FAE04EC0-301F-11D3-BF4B-00C04F79EFBC}") = "Day6.Tests", "Day6.Tests\Day6.Tests.csproj", "{7D055A12-9ED2-44AE-BA5D-8DC3D1697302}"
EndProject
Project("{FAE04EC0-301F-11D3-BF4B-00C04F79EFBC}") = "Day7", "Day7\Day7.csproj", "{10E7AB04-9F80-4DAC-A1A7-D18832BBA905}"
EndProject
Project("{FAE04EC0-301F-11D3-BF4B-00C04F79EFBC}") = "Day7.Tests", "Day7.Tests\Day7.Tests.csproj", "{31300FF4-4950-49FC-9145-D9D19938A48A}"
EndProject
Project("{FAE04EC0-301F-11D3-BF4B-00C04F79EFBC}") = "Day8", "Day8\Day8.csproj", "{9A98E8B2-EB82-419F-B670-76DE7B456713}"
EndProject
Project("{FAE04EC0-301F-11D3-BF4B-00C04F79EFBC}") = "Day8.Tests", "Day8.Tests\Day8.Tests.csproj", "{4F4D7385-9E06-4A15-BD7F-084BCB27A8DC}"
EndProject
Project("{FAE04EC0-301F-11D3-BF4B-00C04F79EFBC}") = "Day9", "Day9\Day9.csproj", "{587260B5-F4B1-47BB-92CB-E712BD87C095}"
EndProject
Project("{FAE04EC0-301F-11D3-BF4B-00C04F79EFBC}") = "Day9.Tests", "Day9.Tests\Day9.Tests.csproj", "{8B551576-FE9A-4775-AAAD-A4EDB76BCD16}"
EndProject
Project("{FAE04EC0-301F-11D3-BF4B-00C04F79EFBC}") = "Day10", "Day10\Day10.csproj", "{CCB4E63D-140D-458F-B710-DEA01D9B2215}"
EndProject
Project("{FAE04EC0-301F-11D3-BF4B-00C04F79EFBC}") = "Day10.Tests", "Day10.Tests\Day10.Tests.csproj", "{38E83F93-1173-4241-8A0C-6D2C7CFB9670}"
EndProject
Project("{FAE04EC0-301F-11D3-BF4B-00C04F79EFBC}") = "Day11", "Day11\Day11.csproj", "{BAFB3B7F-5C75-4A58-A922-303F5669A118}"
EndProject
Project("{FAE04EC0-301F-11D3-BF4B-00C04F79EFBC}") = "Day11.Tests", "Day11.Tests\Day11.Tests.csproj", "{C186C41B-EF18-473C-BE9F-27E0394D0D12}"
EndProject
Global
	GlobalSection(SolutionConfigurationPlatforms) = preSolution
		Debug|Any CPU = Debug|Any CPU
		Debug|x64 = Debug|x64
		Debug|x86 = Debug|x86
		Release|Any CPU = Release|Any CPU
		Release|x64 = Release|x64
		Release|x86 = Release|x86
	EndGlobalSection
	GlobalSection(SolutionProperties) = preSolution
		HideSolutionNode = FALSE
	EndGlobalSection
	GlobalSection(ProjectConfigurationPlatforms) = postSolution
		{A66206F7-8FC4-4C6E-823B-77B49A1102F8}.Debug|Any CPU.ActiveCfg = Debug|Any CPU
		{A66206F7-8FC4-4C6E-823B-77B49A1102F8}.Debug|Any CPU.Build.0 = Debug|Any CPU
		{A66206F7-8FC4-4C6E-823B-77B49A1102F8}.Debug|x64.ActiveCfg = Debug|Any CPU
		{A66206F7-8FC4-4C6E-823B-77B49A1102F8}.Debug|x64.Build.0 = Debug|Any CPU
		{A66206F7-8FC4-4C6E-823B-77B49A1102F8}.Debug|x86.ActiveCfg = Debug|Any CPU
		{A66206F7-8FC4-4C6E-823B-77B49A1102F8}.Debug|x86.Build.0 = Debug|Any CPU
		{A66206F7-8FC4-4C6E-823B-77B49A1102F8}.Release|Any CPU.ActiveCfg = Release|Any CPU
		{A66206F7-8FC4-4C6E-823B-77B49A1102F8}.Release|Any CPU.Build.0 = Release|Any CPU
		{A66206F7-8FC4-4C6E-823B-77B49A1102F8}.Release|x64.ActiveCfg = Release|Any CPU
		{A66206F7-8FC4-4C6E-823B-77B49A1102F8}.Release|x64.Build.0 = Release|Any CPU
		{A66206F7-8FC4-4C6E-823B-77B49A1102F8}.Release|x86.ActiveCfg = Release|Any CPU
		{A66206F7-8FC4-4C6E-823B-77B49A1102F8}.Release|x86.Build.0 = Release|Any CPU
		{B9758DDF-059F-4A9A-8DB5-CDF5F440928D}.Debug|Any CPU.ActiveCfg = Debug|Any CPU
		{B9758DDF-059F-4A9A-8DB5-CDF5F440928D}.Debug|Any CPU.Build.0 = Debug|Any CPU
		{B9758DDF-059F-4A9A-8DB5-CDF5F440928D}.Debug|x64.ActiveCfg = Debug|Any CPU
		{B9758DDF-059F-4A9A-8DB5-CDF5F440928D}.Debug|x64.Build.0 = Debug|Any CPU
		{B9758DDF-059F-4A9A-8DB5-CDF5F440928D}.Debug|x86.ActiveCfg = Debug|Any CPU
		{B9758DDF-059F-4A9A-8DB5-CDF5F440928D}.Debug|x86.Build.0 = Debug|Any CPU
		{B9758DDF-059F-4A9A-8DB5-CDF5F440928D}.Release|Any CPU.ActiveCfg = Release|Any CPU
		{B9758DDF-059F-4A9A-8DB5-CDF5F440928D}.Release|Any CPU.Build.0 = Release|Any CPU
		{B9758DDF-059F-4A9A-8DB5-CDF5F440928D}.Release|x64.ActiveCfg = Release|Any CPU
		{B9758DDF-059F-4A9A-8DB5-CDF5F440928D}.Release|x64.Build.0 = Release|Any CPU
		{B9758DDF-059F-4A9A-8DB5-CDF5F440928D}.Release|x86.ActiveCfg = Release|Any CPU
		{B9758DDF-059F-4A9A-8DB5-CDF5F440928D}.Release|x86.Build.0 = Release|Any CPU
		{BD668961-8249-499F-8850-9596D8D1230B}.Debug|Any CPU.ActiveCfg = Debug|Any CPU
		{BD668961-8249-499F-8850-9596D8D1230B}.Debug|Any CPU.Build.0 = Debug|Any CPU
		{BD668961-8249-499F-8850-9596D8D1230B}.Debug|x64.ActiveCfg = Debug|Any CPU
		{BD668961-8249-499F-8850-9596D8D1230B}.Debug|x64.Build.0 = Debug|Any CPU
		{BD668961-8249-499F-8850-9596D8D1230B}.Debug|x86.ActiveCfg = Debug|Any CPU
		{BD668961-8249-499F-8850-9596D8D1230B}.Debug|x86.Build.0 = Debug|Any CPU
		{BD668961-8249-499F-8850-9596D8D1230B}.Release|Any CPU.ActiveCfg = Release|Any CPU
		{BD668961-8249-499F-8850-9596D8D1230B}.Release|Any CPU.Build.0 = Release|Any CPU
		{BD668961-8249-499F-8850-9596D8D1230B}.Release|x64.ActiveCfg = Release|Any CPU
		{BD668961-8249-499F-8850-9596D8D1230B}.Release|x64.Build.0 = Release|Any CPU
		{BD668961-8249-499F-8850-9596D8D1230B}.Release|x86.ActiveCfg = Release|Any CPU
		{BD668961-8249-499F-8850-9596D8D1230B}.Release|x86.Build.0 = Release|Any CPU
		{921D75AA-1D66-4A06-8BEB-260A51C02999}.Debug|Any CPU.ActiveCfg = Debug|Any CPU
		{921D75AA-1D66-4A06-8BEB-260A51C02999}.Debug|Any CPU.Build.0 = Debug|Any CPU
		{921D75AA-1D66-4A06-8BEB-260A51C02999}.Debug|x64.ActiveCfg = Debug|Any CPU
		{921D75AA-1D66-4A06-8BEB-260A51C02999}.Debug|x64.Build.0 = Debug|Any CPU
		{921D75AA-1D66-4A06-8BEB-260A51C02999}.Debug|x86.ActiveCfg = Debug|Any CPU
		{921D75AA-1D66-4A06-8BEB-260A51C02999}.Debug|x86.Build.0 = Debug|Any CPU
		{921D75AA-1D66-4A06-8BEB-260A51C02999}.Release|Any CPU.ActiveCfg = Release|Any CPU
		{921D75AA-1D66-4A06-8BEB-260A51C02999}.Release|Any CPU.Build.0 = Release|Any CPU
		{921D75AA-1D66-4A06-8BEB-260A51C02999}.Release|x64.ActiveCfg = Release|Any CPU
		{921D75AA-1D66-4A06-8BEB-260A51C02999}.Release|x64.Build.0 = Release|Any CPU
		{921D75AA-1D66-4A06-8BEB-260A51C02999}.Release|x86.ActiveCfg = Release|Any CPU
		{921D75AA-1D66-4A06-8BEB-260A51C02999}.Release|x86.Build.0 = Release|Any CPU
		{46E76997-DC13-4CC6-9017-7203271FE94C}.Debug|Any CPU.ActiveCfg = Debug|Any CPU
		{46E76997-DC13-4CC6-9017-7203271FE94C}.Debug|Any CPU.Build.0 = Debug|Any CPU
		{46E76997-DC13-4CC6-9017-7203271FE94C}.Debug|x64.ActiveCfg = Debug|Any CPU
		{46E76997-DC13-4CC6-9017-7203271FE94C}.Debug|x64.Build.0 = Debug|Any CPU
		{46E76997-DC13-4CC6-9017-7203271FE94C}.Debug|x86.ActiveCfg = Debug|Any CPU
		{46E76997-DC13-4CC6-9017-7203271FE94C}.Debug|x86.Build.0 = Debug|Any CPU
		{46E76997-DC13-4CC6-9017-7203271FE94C}.Release|Any CPU.ActiveCfg = Release|Any CPU
		{46E76997-DC13-4CC6-9017-7203271FE94C}.Release|Any CPU.Build.0 = Release|Any CPU
		{46E76997-DC13-4CC6-9017-7203271FE94C}.Release|x64.ActiveCfg = Release|Any CPU
		{46E76997-DC13-4CC6-9017-7203271FE94C}.Release|x64.Build.0 = Release|Any CPU
		{46E76997-DC13-4CC6-9017-7203271FE94C}.Release|x86.ActiveCfg = Release|Any CPU
		{46E76997-DC13-4CC6-9017-7203271FE94C}.Release|x86.Build.0 = Release|Any CPU
		{287FFA4C-A59B-4A68-A6E3-668CEB951F75}.Debug|Any CPU.ActiveCfg = Debug|Any CPU
		{287FFA4C-A59B-4A68-A6E3-668CEB951F75}.Debug|Any CPU.Build.0 = Debug|Any CPU
		{287FFA4C-A59B-4A68-A6E3-668CEB951F75}.Debug|x64.ActiveCfg = Debug|Any CPU
		{287FFA4C-A59B-4A68-A6E3-668CEB951F75}.Debug|x64.Build.0 = Debug|Any CPU
		{287FFA4C-A59B-4A68-A6E3-668CEB951F75}.Debug|x86.ActiveCfg = Debug|Any CPU
		{287FFA4C-A59B-4A68-A6E3-668CEB951F75}.Debug|x86.Build.0 = Debug|Any CPU
		{287FFA4C-A59B-4A68-A6E3-668CEB951F75}.Release|Any CPU.ActiveCfg = Release|Any CPU
		{287FFA4C-A59B-4A68-A6E3-668CEB951F75}.Release|Any CPU.Build.0 = Release|Any CPU
		{287FFA4C-A59B-4A68-A6E3-668CEB951F75}.Release|x64.ActiveCfg = Release|Any CPU
		{287FFA4C-A59B-4A68-A6E3-668CEB951F75}.Release|x64.Build.0 = Release|Any CPU
		{287FFA4C-A59B-4A68-A6E3-668CEB951F75}.Release|x86.ActiveCfg = Release|Any CPU
		{287FFA4C-A59B-4A68-A6E3-668CEB951F75}.Release|x86.Build.0 = Release|Any CPU
		{CFF61163-0996-4C05-8CBF-386863AC33C9}.Debug|Any CPU.ActiveCfg = Debug|Any CPU
		{CFF61163-0996-4C05-8CBF-386863AC33C9}.Debug|Any CPU.Build.0 = Debug|Any CPU
		{CFF61163-0996-4C05-8CBF-386863AC33C9}.Debug|x64.ActiveCfg = Debug|Any CPU
		{CFF61163-0996-4C05-8CBF-386863AC33C9}.Debug|x64.Build.0 = Debug|Any CPU
		{CFF61163-0996-4C05-8CBF-386863AC33C9}.Debug|x86.ActiveCfg = Debug|Any CPU
		{CFF61163-0996-4C05-8CBF-386863AC33C9}.Debug|x86.Build.0 = Debug|Any CPU
		{CFF61163-0996-4C05-8CBF-386863AC33C9}.Release|Any CPU.ActiveCfg = Release|Any CPU
		{CFF61163-0996-4C05-8CBF-386863AC33C9}.Release|Any CPU.Build.0 = Release|Any CPU
		{CFF61163-0996-4C05-8CBF-386863AC33C9}.Release|x64.ActiveCfg = Release|Any CPU
		{CFF61163-0996-4C05-8CBF-386863AC33C9}.Release|x64.Build.0 = Release|Any CPU
		{CFF61163-0996-4C05-8CBF-386863AC33C9}.Release|x86.ActiveCfg = Release|Any CPU
		{CFF61163-0996-4C05-8CBF-386863AC33C9}.Release|x86.Build.0 = Release|Any CPU
		{05370F75-2BAF-4C07-AEAF-87D804E1F5DE}.Debug|Any CPU.ActiveCfg = Debug|Any CPU
		{05370F75-2BAF-4C07-AEAF-87D804E1F5DE}.Debug|Any CPU.Build.0 = Debug|Any CPU
		{05370F75-2BAF-4C07-AEAF-87D804E1F5DE}.Debug|x64.ActiveCfg = Debug|Any CPU
		{05370F75-2BAF-4C07-AEAF-87D804E1F5DE}.Debug|x64.Build.0 = Debug|Any CPU
		{05370F75-2BAF-4C07-AEAF-87D804E1F5DE}.Debug|x86.ActiveCfg = Debug|Any CPU
		{05370F75-2BAF-4C07-AEAF-87D804E1F5DE}.Debug|x86.Build.0 = Debug|Any CPU
		{05370F75-2BAF-4C07-AEAF-87D804E1F5DE}.Release|Any CPU.ActiveCfg = Release|Any CPU
		{05370F75-2BAF-4C07-AEAF-87D804E1F5DE}.Release|Any CPU.Build.0 = Release|Any CPU
		{05370F75-2BAF-4C07-AEAF-87D804E1F5DE}.Release|x64.ActiveCfg = Release|Any CPU
		{05370F75-2BAF-4C07-AEAF-87D804E1F5DE}.Release|x64.Build.0 = Release|Any CPU
		{05370F75-2BAF-4C07-AEAF-87D804E1F5DE}.Release|x86.ActiveCfg = Release|Any CPU
		{05370F75-2BAF-4C07-AEAF-87D804E1F5DE}.Release|x86.Build.0 = Release|Any CPU
		{CAF3FBA3-5A85-4B9A-BD4B-1F5BC636C29D}.Debug|Any CPU.ActiveCfg = Debug|Any CPU
		{CAF3FBA3-5A85-4B9A-BD4B-1F5BC636C29D}.Debug|Any CPU.Build.0 = Debug|Any CPU
		{CAF3FBA3-5A85-4B9A-BD4B-1F5BC636C29D}.Debug|x64.ActiveCfg = Debug|Any CPU
		{CAF3FBA3-5A85-4B9A-BD4B-1F5BC636C29D}.Debug|x64.Build.0 = Debug|Any CPU
		{CAF3FBA3-5A85-4B9A-BD4B-1F5BC636C29D}.Debug|x86.ActiveCfg = Debug|Any CPU
		{CAF3FBA3-5A85-4B9A-BD4B-1F5BC636C29D}.Debug|x86.Build.0 = Debug|Any CPU
		{CAF3FBA3-5A85-4B9A-BD4B-1F5BC636C29D}.Release|Any CPU.ActiveCfg = Release|Any CPU
		{CAF3FBA3-5A85-4B9A-BD4B-1F5BC636C29D}.Release|Any CPU.Build.0 = Release|Any CPU
		{CAF3FBA3-5A85-4B9A-BD4B-1F5BC636C29D}.Release|x64.ActiveCfg = Release|Any CPU
		{CAF3FBA3-5A85-4B9A-BD4B-1F5BC636C29D}.Release|x64.Build.0 = Release|Any CPU
		{CAF3FBA3-5A85-4B9A-BD4B-1F5BC636C29D}.Release|x86.ActiveCfg = Release|Any CPU
		{CAF3FBA3-5A85-4B9A-BD4B-1F5BC636C29D}.Release|x86.Build.0 = Release|Any CPU
		{7D055A12-9ED2-44AE-BA5D-8DC3D1697302}.Debug|Any CPU.ActiveCfg = Debug|Any CPU
		{7D055A12-9ED2-44AE-BA5D-8DC3D1697302}.Debug|Any CPU.Build.0 = Debug|Any CPU
		{7D055A12-9ED2-44AE-BA5D-8DC3D1697302}.Debug|x64.ActiveCfg = Debug|Any CPU
		{7D055A12-9ED2-44AE-BA5D-8DC3D1697302}.Debug|x64.Build.0 = Debug|Any CPU
		{7D055A12-9ED2-44AE-BA5D-8DC3D1697302}.Debug|x86.ActiveCfg = Debug|Any CPU
		{7D055A12-9ED2-44AE-BA5D-8DC3D1697302}.Debug|x86.Build.0 = Debug|Any CPU
		{7D055A12-9ED2-44AE-BA5D-8DC3D1697302}.Release|Any CPU.ActiveCfg = Release|Any CPU
		{7D055A12-9ED2-44AE-BA5D-8DC3D1697302}.Release|Any CPU.Build.0 = Release|Any CPU
		{7D055A12-9ED2-44AE-BA5D-8DC3D1697302}.Release|x64.ActiveCfg = Release|Any CPU
		{7D055A12-9ED2-44AE-BA5D-8DC3D1697302}.Release|x64.Build.0 = Release|Any CPU
		{7D055A12-9ED2-44AE-BA5D-8DC3D1697302}.Release|x86.ActiveCfg = Release|Any CPU
		{7D055A12-9ED2-44AE-BA5D-8DC3D1697302}.Release|x86.Build.0 = Release|Any CPU
		{10E7AB04-9F80-4DAC-A1A7-D18832BBA905}.Debug|Any CPU.ActiveCfg = Debug|Any CPU
		{10E7AB04-9F80-4DAC-A1A7-D18832BBA905}.Debug|Any CPU.Build.0 = Debug|Any CPU
		{10E7AB04-9F80-4DAC-A1A7-D18832BBA905}.Debug|x64.ActiveCfg = Debug|Any CPU
		{10E7AB04-9F80-4DAC-A1A7-D18832BBA905}.Debug|x64.Build.0 = Debug|Any CPU
		{10E7AB04-9F80-4DAC-A1A7-D18832BBA905}.Debug|x86.ActiveCfg = Debug|Any CPU
		{10E7AB04-9F80-4DAC-A1A7-D18832BBA905}.Debug|x86.Build.0 = Debug|Any CPU
		{10E7AB04-9F80-4DAC-A1A7-D18832BBA905}.Release|Any CPU.ActiveCfg = Release|Any CPU
		{10E7AB04-9F80-4DAC-A1A7-D18832BBA905}.Release|Any CPU.Build.0 = Release|Any CPU
		{10E7AB04-9F80-4DAC-A1A7-D18832BBA905}.Release|x64.ActiveCfg = Release|Any CPU
		{10E7AB04-9F80-4DAC-A1A7-D18832BBA905}.Release|x64.Build.0 = Release|Any CPU
		{10E7AB04-9F80-4DAC-A1A7-D18832BBA905}.Release|x86.ActiveCfg = Release|Any CPU
		{10E7AB04-9F80-4DAC-A1A7-D18832BBA905}.Release|x86.Build.0 = Release|Any CPU
		{31300FF4-4950-49FC-9145-D9D19938A48A}.Debug|Any CPU.ActiveCfg = Debug|Any CPU
		{31300FF4-4950-49FC-9145-D9D19938A48A}.Debug|Any CPU.Build.0 = Debug|Any CPU
		{31300FF4-4950-49FC-9145-D9D19938A48A}.Debug|x64.ActiveCfg = Debug|Any CPU
		{31300FF4-4950-49FC-9145-D9D19938A48A}.Debug|x64.Build.0 = Debug|Any CPU
		{31300FF4-4950-49FC-9145-D9D19938A48A}.Debug|x86.ActiveCfg = Debug|Any CPU
		{31300FF4-4950-49FC-9145-D9D19938A48A}.Debug|x86.Build.0 = Debug|Any CPU
		{31300FF4-4950-49FC-9145-D9D19938A48A}.Release|Any CPU.ActiveCfg = Release|Any CPU
		{31300FF4-4950-49FC-9145-D9D19938A48A}.Release|Any CPU.Build.0 = Release|Any CPU
		{31300FF4-4950-49FC-9145-D9D19938A48A}.Release|x64.ActiveCfg = Release|Any CPU
		{31300FF4-4950-49FC-9145-D9D19938A48A}.Release|x64.Build.0 = Release|Any CPU
		{31300FF4-4950-49FC-9145-D9D19938A48A}.Release|x86.ActiveCfg = Release|Any CPU
		{31300FF4-4950-49FC-9145-D9D19938A48A}.Release|x86.Build.0 = Release|Any CPU
		{9A98E8B2-EB82-419F-B670-76DE7B456713}.Debug|Any CPU.ActiveCfg = Debug|Any CPU
		{9A98E8B2-EB82-419F-B670-76DE7B456713}.Debug|Any CPU.Build.0 = Debug|Any CPU
		{9A98E8B2-EB82-419F-B670-76DE7B456713}.Debug|x64.ActiveCfg = Debug|Any CPU
		{9A98E8B2-EB82-419F-B670-76DE7B456713}.Debug|x64.Build.0 = Debug|Any CPU
		{9A98E8B2-EB82-419F-B670-76DE7B456713}.Debug|x86.ActiveCfg = Debug|Any CPU
		{9A98E8B2-EB82-419F-B670-76DE7B456713}.Debug|x86.Build.0 = Debug|Any CPU
		{9A98E8B2-EB82-419F-B670-76DE7B456713}.Release|Any CPU.ActiveCfg = Release|Any CPU
		{9A98E8B2-EB82-419F-B670-76DE7B456713}.Release|Any CPU.Build.0 = Release|Any CPU
		{9A98E8B2-EB82-419F-B670-76DE7B456713}.Release|x64.ActiveCfg = Release|Any CPU
		{9A98E8B2-EB82-419F-B670-76DE7B456713}.Release|x64.Build.0 = Release|Any CPU
		{9A98E8B2-EB82-419F-B670-76DE7B456713}.Release|x86.ActiveCfg = Release|Any CPU
		{9A98E8B2-EB82-419F-B670-76DE7B456713}.Release|x86.Build.0 = Release|Any CPU
		{4F4D7385-9E06-4A15-BD7F-084BCB27A8DC}.Debug|Any CPU.ActiveCfg = Debug|Any CPU
		{4F4D7385-9E06-4A15-BD7F-084BCB27A8DC}.Debug|Any CPU.Build.0 = Debug|Any CPU
		{4F4D7385-9E06-4A15-BD7F-084BCB27A8DC}.Debug|x64.ActiveCfg = Debug|Any CPU
		{4F4D7385-9E06-4A15-BD7F-084BCB27A8DC}.Debug|x64.Build.0 = Debug|Any CPU
		{4F4D7385-9E06-4A15-BD7F-084BCB27A8DC}.Debug|x86.ActiveCfg = Debug|Any CPU
		{4F4D7385-9E06-4A15-BD7F-084BCB27A8DC}.Debug|x86.Build.0 = Debug|Any CPU
		{4F4D7385-9E06-4A15-BD7F-084BCB27A8DC}.Release|Any CPU.ActiveCfg = Release|Any CPU
		{4F4D7385-9E06-4A15-BD7F-084BCB27A8DC}.Release|Any CPU.Build.0 = Release|Any CPU
		{4F4D7385-9E06-4A15-BD7F-084BCB27A8DC}.Release|x64.ActiveCfg = Release|Any CPU
		{4F4D7385-9E06-4A15-BD7F-084BCB27A8DC}.Release|x64.Build.0 = Release|Any CPU
		{4F4D7385-9E06-4A15-BD7F-084BCB27A8DC}.Release|x86.ActiveCfg = Release|Any CPU
		{4F4D7385-9E06-4A15-BD7F-084BCB27A8DC}.Release|x86.Build.0 = Release|Any CPU
		{587260B5-F4B1-47BB-92CB-E712BD87C095}.Debug|Any CPU.ActiveCfg = Debug|Any CPU
		{587260B5-F4B1-47BB-92CB-E712BD87C095}.Debug|Any CPU.Build.0 = Debug|Any CPU
		{587260B5-F4B1-47BB-92CB-E712BD87C095}.Debug|x64.ActiveCfg = Debug|Any CPU
		{587260B5-F4B1-47BB-92CB-E712BD87C095}.Debug|x64.Build.0 = Debug|Any CPU
		{587260B5-F4B1-47BB-92CB-E712BD87C095}.Debug|x86.ActiveCfg = Debug|Any CPU
		{587260B5-F4B1-47BB-92CB-E712BD87C095}.Debug|x86.Build.0 = Debug|Any CPU
		{587260B5-F4B1-47BB-92CB-E712BD87C095}.Release|Any CPU.ActiveCfg = Release|Any CPU
		{587260B5-F4B1-47BB-92CB-E712BD87C095}.Release|Any CPU.Build.0 = Release|Any CPU
		{587260B5-F4B1-47BB-92CB-E712BD87C095}.Release|x64.ActiveCfg = Release|Any CPU
		{587260B5-F4B1-47BB-92CB-E712BD87C095}.Release|x64.Build.0 = Release|Any CPU
		{587260B5-F4B1-47BB-92CB-E712BD87C095}.Release|x86.ActiveCfg = Release|Any CPU
		{587260B5-F4B1-47BB-92CB-E712BD87C095}.Release|x86.Build.0 = Release|Any CPU
		{8B551576-FE9A-4775-AAAD-A4EDB76BCD16}.Debug|Any CPU.ActiveCfg = Debug|Any CPU
		{8B551576-FE9A-4775-AAAD-A4EDB76BCD16}.Debug|Any CPU.Build.0 = Debug|Any CPU
		{8B551576-FE9A-4775-AAAD-A4EDB76BCD16}.Debug|x64.ActiveCfg = Debug|Any CPU
		{8B551576-FE9A-4775-AAAD-A4EDB76BCD16}.Debug|x64.Build.0 = Debug|Any CPU
		{8B551576-FE9A-4775-AAAD-A4EDB76BCD16}.Debug|x86.ActiveCfg = Debug|Any CPU
		{8B551576-FE9A-4775-AAAD-A4EDB76BCD16}.Debug|x86.Build.0 = Debug|Any CPU
		{8B551576-FE9A-4775-AAAD-A4EDB76BCD16}.Release|Any CPU.ActiveCfg = Release|Any CPU
		{8B551576-FE9A-4775-AAAD-A4EDB76BCD16}.Release|Any CPU.Build.0 = Release|Any CPU
		{8B551576-FE9A-4775-AAAD-A4EDB76BCD16}.Release|x64.ActiveCfg = Release|Any CPU
		{8B551576-FE9A-4775-AAAD-A4EDB76BCD16}.Release|x64.Build.0 = Release|Any CPU
		{8B551576-FE9A-4775-AAAD-A4EDB76BCD16}.Release|x86.ActiveCfg = Release|Any CPU
		{8B551576-FE9A-4775-AAAD-A4EDB76BCD16}.Release|x86.Build.0 = Release|Any CPU
		{CCB4E63D-140D-458F-B710-DEA01D9B2215}.Debug|Any CPU.ActiveCfg = Debug|Any CPU
		{CCB4E63D-140D-458F-B710-DEA01D9B2215}.Debug|Any CPU.Build.0 = Debug|Any CPU
		{CCB4E63D-140D-458F-B710-DEA01D9B2215}.Debug|x64.ActiveCfg = Debug|Any CPU
		{CCB4E63D-140D-458F-B710-DEA01D9B2215}.Debug|x64.Build.0 = Debug|Any CPU
		{CCB4E63D-140D-458F-B710-DEA01D9B2215}.Debug|x86.ActiveCfg = Debug|Any CPU
		{CCB4E63D-140D-458F-B710-DEA01D9B2215}.Debug|x86.Build.0 = Debug|Any CPU
		{CCB4E63D-140D-458F-B710-DEA01D9B2215}.Release|Any CPU.ActiveCfg = Release|Any CPU
		{CCB4E63D-140D-458F-B710-DEA01D9B2215}.Release|Any CPU.Build.0 = Release|Any CPU
		{CCB4E63D-140D-458F-B710-DEA01D9B2215}.Release|x64.ActiveCfg = Release|Any CPU
		{CCB4E63D-140D-458F-B710-DEA01D9B2215}.Release|x64.Build.0 = Release|Any CPU
		{CCB4E63D-140D-458F-B710-DEA01D9B2215}.Release|x86.ActiveCfg = Release|Any CPU
		{CCB4E63D-140D-458F-B710-DEA01D9B2215}.Release|x86.Build.0 = Release|Any CPU
		{38E83F93-1173-4241-8A0C-6D2C7CFB9670}.Debug|Any CPU.ActiveCfg = Debug|Any CPU
		{38E83F93-1173-4241-8A0C-6D2C7CFB9670}.Debug|Any CPU.Build.0 = Debug|Any CPU
		{38E83F93-1173-4241-8A0C-6D2C7CFB9670}.Debug|x64.ActiveCfg = Debug|Any CPU
		{38E83F93-1173-4241-8A0C-6D2C7CFB9670}.Debug|x64.Build.0 = Debug|Any CPU
		{38E83F93-1173-4241-8A0C-6D2C7CFB9670}.Debug|x86.ActiveCfg = Debug|Any CPU
		{38E83F93-1173-4241-8A0C-6D2C7CFB9670}.Debug|x86.Build.0 = Debug|Any CPU
		{38E83F93-1173-4241-8A0C-6D2C7CFB9670}.Release|Any CPU.ActiveCfg = Release|Any CPU
		{38E83F93-1173-4241-8A0C-6D2C7CFB9670}.Release|Any CPU.Build.0 = Release|Any CPU
		{38E83F93-1173-4241-8A0C-6D2C7CFB9670}.Release|x64.ActiveCfg = Release|Any CPU
		{38E83F93-1173-4241-8A0C-6D2C7CFB9670}.Release|x64.Build.0 = Release|Any CPU
		{38E83F93-1173-4241-8A0C-6D2C7CFB9670}.Release|x86.ActiveCfg = Release|Any CPU
		{38E83F93-1173-4241-8A0C-6D2C7CFB9670}.Release|x86.Build.0 = Release|Any CPU
		{BAFB3B7F-5C75-4A58-A922-303F5669A118}.Debug|Any CPU.ActiveCfg = Debug|Any CPU
		{BAFB3B7F-5C75-4A58-A922-303F5669A118}.Debug|Any CPU.Build.0 = Debug|Any CPU
		{BAFB3B7F-5C75-4A58-A922-303F5669A118}.Debug|x64.ActiveCfg = Debug|Any CPU
		{BAFB3B7F-5C75-4A58-A922-303F5669A118}.Debug|x64.Build.0 = Debug|Any CPU
		{BAFB3B7F-5C75-4A58-A922-303F5669A118}.Debug|x86.ActiveCfg = Debug|Any CPU
		{BAFB3B7F-5C75-4A58-A922-303F5669A118}.Debug|x86.Build.0 = Debug|Any CPU
		{BAFB3B7F-5C75-4A58-A922-303F5669A118}.Release|Any CPU.ActiveCfg = Release|Any CPU
		{BAFB3B7F-5C75-4A58-A922-303F5669A118}.Release|Any CPU.Build.0 = Release|Any CPU
		{BAFB3B7F-5C75-4A58-A922-303F5669A118}.Release|x64.ActiveCfg = Release|Any CPU
		{BAFB3B7F-5C75-4A58-A922-303F5669A118}.Release|x64.Build.0 = Release|Any CPU
		{BAFB3B7F-5C75-4A58-A922-303F5669A118}.Release|x86.ActiveCfg = Release|Any CPU
		{BAFB3B7F-5C75-4A58-A922-303F5669A118}.Release|x86.Build.0 = Release|Any CPU
		{C186C41B-EF18-473C-BE9F-27E0394D0D12}.Debug|Any CPU.ActiveCfg = Debug|Any CPU
		{C186C41B-EF18-473C-BE9F-27E0394D0D12}.Debug|Any CPU.Build.0 = Debug|Any CPU
		{C186C41B-EF18-473C-BE9F-27E0394D0D12}.Debug|x64.ActiveCfg = Debug|Any CPU
		{C186C41B-EF18-473C-BE9F-27E0394D0D12}.Debug|x64.Build.0 = Debug|Any CPU
		{C186C41B-EF18-473C-BE9F-27E0394D0D12}.Debug|x86.ActiveCfg = Debug|Any CPU
		{C186C41B-EF18-473C-BE9F-27E0394D0D12}.Debug|x86.Build.0 = Debug|Any CPU
		{C186C41B-EF18-473C-BE9F-27E0394D0D12}.Release|Any CPU.ActiveCfg = Release|Any CPU
		{C186C41B-EF18-473C-BE9F-27E0394D0D12}.Release|Any CPU.Build.0 = Release|Any CPU
		{C186C41B-EF18-473C-BE9F-27E0394D0D12}.Release|x64.ActiveCfg = Release|Any CPU
		{C186C41B-EF18-473C-BE9F-27E0394D0D12}.Release|x64.Build.0 = Release|Any CPU
		{C186C41B-EF18-473C-BE9F-27E0394D0D12}.Release|x86.ActiveCfg = Release|Any CPU
		{C186C41B-EF18-473C-BE9F-27E0394D0D12}.Release|x86.Build.0 = Release|Any CPU
	EndGlobalSection
EndGlobal
