
Microsoft Visual Studio Solution File, Format Version 12.00
# Visual Studio Version 16
VisualStudioVersion = 16.0.29609.76
MinimumVisualStudioVersion = 15.0.26124.0
Project("{9A19103F-16F7-4668-BE54-9A1E7A4F7556}") = "Day2", "Day2\Day2.csproj", "{A66206F7-8FC4-4C6E-823B-77B49A1102F8}"
EndProject
Project("{9A19103F-16F7-4668-BE54-9A1E7A4F7556}") = "Day2.Tests", "Day2.Tests\Day2.Tests.csproj", "{B9758DDF-059F-4A9A-8DB5-CDF5F440928D}"
EndProject
Project("{9A19103F-16F7-4668-BE54-9A1E7A4F7556}") = "Day3", "Day3\Day3.csproj", "{BD668961-8249-499F-8850-9596D8D1230B}"
EndProject
Project("{9A19103F-16F7-4668-BE54-9A1E7A4F7556}") = "Day3.Tests", "Day3.Tests\Day3.Tests.csproj", "{921D75AA-1D66-4A06-8BEB-260A51C02999}"
EndProject
Project("{9A19103F-16F7-4668-BE54-9A1E7A4F7556}") = "Day4", "Day4\Day4.csproj", "{46E76997-DC13-4CC6-9017-7203271FE94C}"
EndProject
Project("{9A19103F-16F7-4668-BE54-9A1E7A4F7556}") = "Day4.Tests", "Day4.Tests\Day4.Tests.csproj", "{287FFA4C-A59B-4A68-A6E3-668CEB951F75}"
EndProject
Project("{9A19103F-16F7-4668-BE54-9A1E7A4F7556}") = "Day5", "Day5\Day5.csproj", "{CFF61163-0996-4C05-8CBF-386863AC33C9}"
EndProject
Project("{9A19103F-16F7-4668-BE54-9A1E7A4F7556}") = "Day5.Tests", "Day5.Tests\Day5.Tests.csproj", "{05370F75-2BAF-4C07-AEAF-87D804E1F5DE}"
EndProject
Project("{9A19103F-16F7-4668-BE54-9A1E7A4F7556}") = "Day6", "Day6\Day6.csproj", "{CAF3FBA3-5A85-4B9A-BD4B-1F5BC636C29D}"
EndProject
Project("{9A19103F-16F7-4668-BE54-9A1E7A4F7556}") = "Day6.Tests", "Day6.Tests\Day6.Tests.csproj", "{7D055A12-9ED2-44AE-BA5D-8DC3D1697302}"
EndProject
Project("{9A19103F-16F7-4668-BE54-9A1E7A4F7556}") = "Day7", "Day7\Day7.csproj", "{10E7AB04-9F80-4DAC-A1A7-D18832BBA905}"
EndProject
Project("{9A19103F-16F7-4668-BE54-9A1E7A4F7556}") = "Day7.Tests", "Day7.Tests\Day7.Tests.csproj", "{31300FF4-4950-49FC-9145-D9D19938A48A}"
EndProject
Project("{9A19103F-16F7-4668-BE54-9A1E7A4F7556}") = "Day8", "Day8\Day8.csproj", "{9A98E8B2-EB82-419F-B670-76DE7B456713}"
EndProject
Project("{9A19103F-16F7-4668-BE54-9A1E7A4F7556}") = "Day8.Tests", "Day8.Tests\Day8.Tests.csproj", "{4F4D7385-9E06-4A15-BD7F-084BCB27A8DC}"
EndProject
Project("{9A19103F-16F7-4668-BE54-9A1E7A4F7556}") = "Day9", "Day9\Day9.csproj", "{587260B5-F4B1-47BB-92CB-E712BD87C095}"
EndProject
Project("{9A19103F-16F7-4668-BE54-9A1E7A4F7556}") = "Day9.Tests", "Day9.Tests\Day9.Tests.csproj", "{8B551576-FE9A-4775-AAAD-A4EDB76BCD16}"
EndProject
Project("{9A19103F-16F7-4668-BE54-9A1E7A4F7556}") = "Day10", "Day10\Day10.csproj", "{CCB4E63D-140D-458F-B710-DEA01D9B2215}"
EndProject
Project("{9A19103F-16F7-4668-BE54-9A1E7A4F7556}") = "Day10.Tests", "Day10.Tests\Day10.Tests.csproj", "{38E83F93-1173-4241-8A0C-6D2C7CFB9670}"
EndProject
Project("{9A19103F-16F7-4668-BE54-9A1E7A4F7556}") = "Day11", "Day11\Day11.csproj", "{BAFB3B7F-5C75-4A58-A922-303F5669A118}"
EndProject
Project("{9A19103F-16F7-4668-BE54-9A1E7A4F7556}") = "Day11.Tests", "Day11.Tests\Day11.Tests.csproj", "{C186C41B-EF18-473C-BE9F-27E0394D0D12}"
EndProject
Project("{9A19103F-16F7-4668-BE54-9A1E7A4F7556}") = "Day12", "Day12\Day12.csproj", "{FD3A2874-075E-4F6B-9AA1-187BB5155A86}"
EndProject
Project("{9A19103F-16F7-4668-BE54-9A1E7A4F7556}") = "Day12.Tests", "Day12.Tests\Day12.Tests.csproj", "{547118B9-950C-43A4-A487-4838B8405A83}"
EndProject
Project("{9A19103F-16F7-4668-BE54-9A1E7A4F7556}") = "Day13", "Day13\Day13.csproj", "{312D5C2F-4FCE-4273-96A4-C9FF42C59494}"
EndProject
Project("{9A19103F-16F7-4668-BE54-9A1E7A4F7556}") = "Day13.Tests", "Day13.Tests\Day13.Tests.csproj", "{72171F6E-3D71-428E-8F02-8B595884D078}"
EndProject
Project("{9A19103F-16F7-4668-BE54-9A1E7A4F7556}") = "Day14", "Day14\Day14.csproj", "{D4889B68-54D1-47E1-9A16-033B1EF98480}"
EndProject
Project("{9A19103F-16F7-4668-BE54-9A1E7A4F7556}") = "Day14.Tests", "Day14.Tests\Day14.Tests.csproj", "{EAF5E849-C948-4FF5-B71E-A458F0D49EC4}"
EndProject
Project("{9A19103F-16F7-4668-BE54-9A1E7A4F7556}") = "Day15", "Day15\Day15.csproj", "{27CF0295-D4DB-4C2A-8DAE-7933AF26DE25}"
EndProject
Project("{9A19103F-16F7-4668-BE54-9A1E7A4F7556}") = "Day15.Tests", "Day15.Tests\Day15.Tests.csproj", "{8184DE68-280A-4BC8-9FB1-C9D92B16FCF6}"
EndProject
Project("{9A19103F-16F7-4668-BE54-9A1E7A4F7556}") = "IntCodeComputer", "IntCodeComputer\IntCodeComputer.csproj", "{130DBA8E-D8D8-4537-9252-F9D81CEF44F6}"
EndProject
Project("{9A19103F-16F7-4668-BE54-9A1E7A4F7556}") = "VisualizationServer", "VisualizationServer\VisualizationServer.csproj", "{88EA17AD-6CEC-45CE-97DF-0B1F35B69FA4}"
EndProject
Project("{2150E333-8FDC-42A3-9474-1A3956D46DE8}") = "Tools", "Tools", "{12175E0D-D884-4DED-92DC-F2886707F8BE}"
EndProject
Project("{9A19103F-16F7-4668-BE54-9A1E7A4F7556}") = "VisualizationLib", "VisualizationLib\VisualizationLib.csproj", "{1B339AC0-1405-4561-9E2F-F7EF386791F6}"
EndProject
Project("{9A19103F-16F7-4668-BE54-9A1E7A4F7556}") = "VisualizationLib.Tests", "VisualizationLib.Tests\VisualizationLib.Tests.csproj", "{C39B10DD-188F-4F60-9081-2007DB347AA5}"
EndProject
Project("{9A19103F-16F7-4668-BE54-9A1E7A4F7556}") = "IntCodeComputer.Tests", "IntCodeComputer.Tests\IntCodeComputer.Tests.csproj", "{55835B24-DC17-4DA5-8ECB-ABA1910D5683}"
EndProject
Global
	GlobalSection(SolutionConfigurationPlatforms) = preSolution
		Debug|Any CPU = Debug|Any CPU
		Debug|x64 = Debug|x64
		Debug|x86 = Debug|x86
		Release|Any CPU = Release|Any CPU
		Release|x64 = Release|x64
		Release|x86 = Release|x86
	EndGlobalSection
	GlobalSection(ProjectConfigurationPlatforms) = postSolution
		{A66206F7-8FC4-4C6E-823B-77B49A1102F8}.Debug|Any CPU.ActiveCfg = Debug|Any CPU
		{A66206F7-8FC4-4C6E-823B-77B49A1102F8}.Debug|Any CPU.Build.0 = Debug|Any CPU
		{A66206F7-8FC4-4C6E-823B-77B49A1102F8}.Debug|x64.ActiveCfg = Debug|Any CPU
		{A66206F7-8FC4-4C6E-823B-77B49A1102F8}.Debug|x64.Build.0 = Debug|Any CPU
		{A66206F7-8FC4-4C6E-823B-77B49A1102F8}.Debug|x86.ActiveCfg = Debug|Any CPU
		{A66206F7-8FC4-4C6E-823B-77B49A1102F8}.Debug|x86.Build.0 = Debug|Any CPU
		{A66206F7-8FC4-4C6E-823B-77B49A1102F8}.Release|Any CPU.ActiveCfg = Release|Any CPU
		{A66206F7-8FC4-4C6E-823B-77B49A1102F8}.Release|Any CPU.Build.0 = Release|Any CPU
		{A66206F7-8FC4-4C6E-823B-77B49A1102F8}.Release|x64.ActiveCfg = Release|Any CPU
		{A66206F7-8FC4-4C6E-823B-77B49A1102F8}.Release|x64.Build.0 = Release|Any CPU
		{A66206F7-8FC4-4C6E-823B-77B49A1102F8}.Release|x86.ActiveCfg = Release|Any CPU
		{A66206F7-8FC4-4C6E-823B-77B49A1102F8}.Release|x86.Build.0 = Release|Any CPU
		{B9758DDF-059F-4A9A-8DB5-CDF5F440928D}.Debug|Any CPU.ActiveCfg = Debug|Any CPU
		{B9758DDF-059F-4A9A-8DB5-CDF5F440928D}.Debug|Any CPU.Build.0 = Debug|Any CPU
		{B9758DDF-059F-4A9A-8DB5-CDF5F440928D}.Debug|x64.ActiveCfg = Debug|Any CPU
		{B9758DDF-059F-4A9A-8DB5-CDF5F440928D}.Debug|x64.Build.0 = Debug|Any CPU
		{B9758DDF-059F-4A9A-8DB5-CDF5F440928D}.Debug|x86.ActiveCfg = Debug|Any CPU
		{B9758DDF-059F-4A9A-8DB5-CDF5F440928D}.Debug|x86.Build.0 = Debug|Any CPU
		{B9758DDF-059F-4A9A-8DB5-CDF5F440928D}.Release|Any CPU.ActiveCfg = Release|Any CPU
		{B9758DDF-059F-4A9A-8DB5-CDF5F440928D}.Release|Any CPU.Build.0 = Release|Any CPU
		{B9758DDF-059F-4A9A-8DB5-CDF5F440928D}.Release|x64.ActiveCfg = Release|Any CPU
		{B9758DDF-059F-4A9A-8DB5-CDF5F440928D}.Release|x64.Build.0 = Release|Any CPU
		{B9758DDF-059F-4A9A-8DB5-CDF5F440928D}.Release|x86.ActiveCfg = Release|Any CPU
		{B9758DDF-059F-4A9A-8DB5-CDF5F440928D}.Release|x86.Build.0 = Release|Any CPU
		{BD668961-8249-499F-8850-9596D8D1230B}.Debug|Any CPU.ActiveCfg = Debug|Any CPU
		{BD668961-8249-499F-8850-9596D8D1230B}.Debug|Any CPU.Build.0 = Debug|Any CPU
		{BD668961-8249-499F-8850-9596D8D1230B}.Debug|x64.ActiveCfg = Debug|Any CPU
		{BD668961-8249-499F-8850-9596D8D1230B}.Debug|x64.Build.0 = Debug|Any CPU
		{BD668961-8249-499F-8850-9596D8D1230B}.Debug|x86.ActiveCfg = Debug|Any CPU
		{BD668961-8249-499F-8850-9596D8D1230B}.Debug|x86.Build.0 = Debug|Any CPU
		{BD668961-8249-499F-8850-9596D8D1230B}.Release|Any CPU.ActiveCfg = Release|Any CPU
		{BD668961-8249-499F-8850-9596D8D1230B}.Release|Any CPU.Build.0 = Release|Any CPU
		{BD668961-8249-499F-8850-9596D8D1230B}.Release|x64.ActiveCfg = Release|Any CPU
		{BD668961-8249-499F-8850-9596D8D1230B}.Release|x64.Build.0 = Release|Any CPU
		{BD668961-8249-499F-8850-9596D8D1230B}.Release|x86.ActiveCfg = Release|Any CPU
		{BD668961-8249-499F-8850-9596D8D1230B}.Release|x86.Build.0 = Release|Any CPU
		{921D75AA-1D66-4A06-8BEB-260A51C02999}.Debug|Any CPU.ActiveCfg = Debug|Any CPU
		{921D75AA-1D66-4A06-8BEB-260A51C02999}.Debug|Any CPU.Build.0 = Debug|Any CPU
		{921D75AA-1D66-4A06-8BEB-260A51C02999}.Debug|x64.ActiveCfg = Debug|Any CPU
		{921D75AA-1D66-4A06-8BEB-260A51C02999}.Debug|x64.Build.0 = Debug|Any CPU
		{921D75AA-1D66-4A06-8BEB-260A51C02999}.Debug|x86.ActiveCfg = Debug|Any CPU
		{921D75AA-1D66-4A06-8BEB-260A51C02999}.Debug|x86.Build.0 = Debug|Any CPU
		{921D75AA-1D66-4A06-8BEB-260A51C02999}.Release|Any CPU.ActiveCfg = Release|Any CPU
		{921D75AA-1D66-4A06-8BEB-260A51C02999}.Release|Any CPU.Build.0 = Release|Any CPU
		{921D75AA-1D66-4A06-8BEB-260A51C02999}.Release|x64.ActiveCfg = Release|Any CPU
		{921D75AA-1D66-4A06-8BEB-260A51C02999}.Release|x64.Build.0 = Release|Any CPU
		{921D75AA-1D66-4A06-8BEB-260A51C02999}.Release|x86.ActiveCfg = Release|Any CPU
		{921D75AA-1D66-4A06-8BEB-260A51C02999}.Release|x86.Build.0 = Release|Any CPU
		{46E76997-DC13-4CC6-9017-7203271FE94C}.Debug|Any CPU.ActiveCfg = Debug|Any CPU
		{46E76997-DC13-4CC6-9017-7203271FE94C}.Debug|Any CPU.Build.0 = Debug|Any CPU
		{46E76997-DC13-4CC6-9017-7203271FE94C}.Debug|x64.ActiveCfg = Debug|Any CPU
		{46E76997-DC13-4CC6-9017-7203271FE94C}.Debug|x64.Build.0 = Debug|Any CPU
		{46E76997-DC13-4CC6-9017-7203271FE94C}.Debug|x86.ActiveCfg = Debug|Any CPU
		{46E76997-DC13-4CC6-9017-7203271FE94C}.Debug|x86.Build.0 = Debug|Any CPU
		{46E76997-DC13-4CC6-9017-7203271FE94C}.Release|Any CPU.ActiveCfg = Release|Any CPU
		{46E76997-DC13-4CC6-9017-7203271FE94C}.Release|Any CPU.Build.0 = Release|Any CPU
		{46E76997-DC13-4CC6-9017-7203271FE94C}.Release|x64.ActiveCfg = Release|Any CPU
		{46E76997-DC13-4CC6-9017-7203271FE94C}.Release|x64.Build.0 = Release|Any CPU
		{46E76997-DC13-4CC6-9017-7203271FE94C}.Release|x86.ActiveCfg = Release|Any CPU
		{46E76997-DC13-4CC6-9017-7203271FE94C}.Release|x86.Build.0 = Release|Any CPU
		{287FFA4C-A59B-4A68-A6E3-668CEB951F75}.Debug|Any CPU.ActiveCfg = Debug|Any CPU
		{287FFA4C-A59B-4A68-A6E3-668CEB951F75}.Debug|Any CPU.Build.0 = Debug|Any CPU
		{287FFA4C-A59B-4A68-A6E3-668CEB951F75}.Debug|x64.ActiveCfg = Debug|Any CPU
		{287FFA4C-A59B-4A68-A6E3-668CEB951F75}.Debug|x64.Build.0 = Debug|Any CPU
		{287FFA4C-A59B-4A68-A6E3-668CEB951F75}.Debug|x86.ActiveCfg = Debug|Any CPU
		{287FFA4C-A59B-4A68-A6E3-668CEB951F75}.Debug|x86.Build.0 = Debug|Any CPU
		{287FFA4C-A59B-4A68-A6E3-668CEB951F75}.Release|Any CPU.ActiveCfg = Release|Any CPU
		{287FFA4C-A59B-4A68-A6E3-668CEB951F75}.Release|Any CPU.Build.0 = Release|Any CPU
		{287FFA4C-A59B-4A68-A6E3-668CEB951F75}.Release|x64.ActiveCfg = Release|Any CPU
		{287FFA4C-A59B-4A68-A6E3-668CEB951F75}.Release|x64.Build.0 = Release|Any CPU
		{287FFA4C-A59B-4A68-A6E3-668CEB951F75}.Release|x86.ActiveCfg = Release|Any CPU
		{287FFA4C-A59B-4A68-A6E3-668CEB951F75}.Release|x86.Build.0 = Release|Any CPU
		{CFF61163-0996-4C05-8CBF-386863AC33C9}.Debug|Any CPU.ActiveCfg = Debug|Any CPU
		{CFF61163-0996-4C05-8CBF-386863AC33C9}.Debug|Any CPU.Build.0 = Debug|Any CPU
		{CFF61163-0996-4C05-8CBF-386863AC33C9}.Debug|x64.ActiveCfg = Debug|Any CPU
		{CFF61163-0996-4C05-8CBF-386863AC33C9}.Debug|x64.Build.0 = Debug|Any CPU
		{CFF61163-0996-4C05-8CBF-386863AC33C9}.Debug|x86.ActiveCfg = Debug|Any CPU
		{CFF61163-0996-4C05-8CBF-386863AC33C9}.Debug|x86.Build.0 = Debug|Any CPU
		{CFF61163-0996-4C05-8CBF-386863AC33C9}.Release|Any CPU.ActiveCfg = Release|Any CPU
		{CFF61163-0996-4C05-8CBF-386863AC33C9}.Release|Any CPU.Build.0 = Release|Any CPU
		{CFF61163-0996-4C05-8CBF-386863AC33C9}.Release|x64.ActiveCfg = Release|Any CPU
		{CFF61163-0996-4C05-8CBF-386863AC33C9}.Release|x64.Build.0 = Release|Any CPU
		{CFF61163-0996-4C05-8CBF-386863AC33C9}.Release|x86.ActiveCfg = Release|Any CPU
		{CFF61163-0996-4C05-8CBF-386863AC33C9}.Release|x86.Build.0 = Release|Any CPU
		{05370F75-2BAF-4C07-AEAF-87D804E1F5DE}.Debug|Any CPU.ActiveCfg = Debug|Any CPU
		{05370F75-2BAF-4C07-AEAF-87D804E1F5DE}.Debug|Any CPU.Build.0 = Debug|Any CPU
		{05370F75-2BAF-4C07-AEAF-87D804E1F5DE}.Debug|x64.ActiveCfg = Debug|Any CPU
		{05370F75-2BAF-4C07-AEAF-87D804E1F5DE}.Debug|x64.Build.0 = Debug|Any CPU
		{05370F75-2BAF-4C07-AEAF-87D804E1F5DE}.Debug|x86.ActiveCfg = Debug|Any CPU
		{05370F75-2BAF-4C07-AEAF-87D804E1F5DE}.Debug|x86.Build.0 = Debug|Any CPU
		{05370F75-2BAF-4C07-AEAF-87D804E1F5DE}.Release|Any CPU.ActiveCfg = Release|Any CPU
		{05370F75-2BAF-4C07-AEAF-87D804E1F5DE}.Release|Any CPU.Build.0 = Release|Any CPU
		{05370F75-2BAF-4C07-AEAF-87D804E1F5DE}.Release|x64.ActiveCfg = Release|Any CPU
		{05370F75-2BAF-4C07-AEAF-87D804E1F5DE}.Release|x64.Build.0 = Release|Any CPU
		{05370F75-2BAF-4C07-AEAF-87D804E1F5DE}.Release|x86.ActiveCfg = Release|Any CPU
		{05370F75-2BAF-4C07-AEAF-87D804E1F5DE}.Release|x86.Build.0 = Release|Any CPU
		{CAF3FBA3-5A85-4B9A-BD4B-1F5BC636C29D}.Debug|Any CPU.ActiveCfg = Debug|Any CPU
		{CAF3FBA3-5A85-4B9A-BD4B-1F5BC636C29D}.Debug|Any CPU.Build.0 = Debug|Any CPU
		{CAF3FBA3-5A85-4B9A-BD4B-1F5BC636C29D}.Debug|x64.ActiveCfg = Debug|Any CPU
		{CAF3FBA3-5A85-4B9A-BD4B-1F5BC636C29D}.Debug|x64.Build.0 = Debug|Any CPU
		{CAF3FBA3-5A85-4B9A-BD4B-1F5BC636C29D}.Debug|x86.ActiveCfg = Debug|Any CPU
		{CAF3FBA3-5A85-4B9A-BD4B-1F5BC636C29D}.Debug|x86.Build.0 = Debug|Any CPU
		{CAF3FBA3-5A85-4B9A-BD4B-1F5BC636C29D}.Release|Any CPU.ActiveCfg = Release|Any CPU
		{CAF3FBA3-5A85-4B9A-BD4B-1F5BC636C29D}.Release|Any CPU.Build.0 = Release|Any CPU
		{CAF3FBA3-5A85-4B9A-BD4B-1F5BC636C29D}.Release|x64.ActiveCfg = Release|Any CPU
		{CAF3FBA3-5A85-4B9A-BD4B-1F5BC636C29D}.Release|x64.Build.0 = Release|Any CPU
		{CAF3FBA3-5A85-4B9A-BD4B-1F5BC636C29D}.Release|x86.ActiveCfg = Release|Any CPU
		{CAF3FBA3-5A85-4B9A-BD4B-1F5BC636C29D}.Release|x86.Build.0 = Release|Any CPU
		{7D055A12-9ED2-44AE-BA5D-8DC3D1697302}.Debug|Any CPU.ActiveCfg = Debug|Any CPU
		{7D055A12-9ED2-44AE-BA5D-8DC3D1697302}.Debug|Any CPU.Build.0 = Debug|Any CPU
		{7D055A12-9ED2-44AE-BA5D-8DC3D1697302}.Debug|x64.ActiveCfg = Debug|Any CPU
		{7D055A12-9ED2-44AE-BA5D-8DC3D1697302}.Debug|x64.Build.0 = Debug|Any CPU
		{7D055A12-9ED2-44AE-BA5D-8DC3D1697302}.Debug|x86.ActiveCfg = Debug|Any CPU
		{7D055A12-9ED2-44AE-BA5D-8DC3D1697302}.Debug|x86.Build.0 = Debug|Any CPU
		{7D055A12-9ED2-44AE-BA5D-8DC3D1697302}.Release|Any CPU.ActiveCfg = Release|Any CPU
		{7D055A12-9ED2-44AE-BA5D-8DC3D1697302}.Release|Any CPU.Build.0 = Release|Any CPU
		{7D055A12-9ED2-44AE-BA5D-8DC3D1697302}.Release|x64.ActiveCfg = Release|Any CPU
		{7D055A12-9ED2-44AE-BA5D-8DC3D1697302}.Release|x64.Build.0 = Release|Any CPU
		{7D055A12-9ED2-44AE-BA5D-8DC3D1697302}.Release|x86.ActiveCfg = Release|Any CPU
		{7D055A12-9ED2-44AE-BA5D-8DC3D1697302}.Release|x86.Build.0 = Release|Any CPU
		{10E7AB04-9F80-4DAC-A1A7-D18832BBA905}.Debug|Any CPU.ActiveCfg = Debug|Any CPU
		{10E7AB04-9F80-4DAC-A1A7-D18832BBA905}.Debug|Any CPU.Build.0 = Debug|Any CPU
		{10E7AB04-9F80-4DAC-A1A7-D18832BBA905}.Debug|x64.ActiveCfg = Debug|Any CPU
		{10E7AB04-9F80-4DAC-A1A7-D18832BBA905}.Debug|x64.Build.0 = Debug|Any CPU
		{10E7AB04-9F80-4DAC-A1A7-D18832BBA905}.Debug|x86.ActiveCfg = Debug|Any CPU
		{10E7AB04-9F80-4DAC-A1A7-D18832BBA905}.Debug|x86.Build.0 = Debug|Any CPU
		{10E7AB04-9F80-4DAC-A1A7-D18832BBA905}.Release|Any CPU.ActiveCfg = Release|Any CPU
		{10E7AB04-9F80-4DAC-A1A7-D18832BBA905}.Release|Any CPU.Build.0 = Release|Any CPU
		{10E7AB04-9F80-4DAC-A1A7-D18832BBA905}.Release|x64.ActiveCfg = Release|Any CPU
		{10E7AB04-9F80-4DAC-A1A7-D18832BBA905}.Release|x64.Build.0 = Release|Any CPU
		{10E7AB04-9F80-4DAC-A1A7-D18832BBA905}.Release|x86.ActiveCfg = Release|Any CPU
		{10E7AB04-9F80-4DAC-A1A7-D18832BBA905}.Release|x86.Build.0 = Release|Any CPU
		{31300FF4-4950-49FC-9145-D9D19938A48A}.Debug|Any CPU.ActiveCfg = Debug|Any CPU
		{31300FF4-4950-49FC-9145-D9D19938A48A}.Debug|Any CPU.Build.0 = Debug|Any CPU
		{31300FF4-4950-49FC-9145-D9D19938A48A}.Debug|x64.ActiveCfg = Debug|Any CPU
		{31300FF4-4950-49FC-9145-D9D19938A48A}.Debug|x64.Build.0 = Debug|Any CPU
		{31300FF4-4950-49FC-9145-D9D19938A48A}.Debug|x86.ActiveCfg = Debug|Any CPU
		{31300FF4-4950-49FC-9145-D9D19938A48A}.Debug|x86.Build.0 = Debug|Any CPU
		{31300FF4-4950-49FC-9145-D9D19938A48A}.Release|Any CPU.ActiveCfg = Release|Any CPU
		{31300FF4-4950-49FC-9145-D9D19938A48A}.Release|Any CPU.Build.0 = Release|Any CPU
		{31300FF4-4950-49FC-9145-D9D19938A48A}.Release|x64.ActiveCfg = Release|Any CPU
		{31300FF4-4950-49FC-9145-D9D19938A48A}.Release|x64.Build.0 = Release|Any CPU
		{31300FF4-4950-49FC-9145-D9D19938A48A}.Release|x86.ActiveCfg = Release|Any CPU
		{31300FF4-4950-49FC-9145-D9D19938A48A}.Release|x86.Build.0 = Release|Any CPU
		{9A98E8B2-EB82-419F-B670-76DE7B456713}.Debug|Any CPU.ActiveCfg = Debug|Any CPU
		{9A98E8B2-EB82-419F-B670-76DE7B456713}.Debug|Any CPU.Build.0 = Debug|Any CPU
		{9A98E8B2-EB82-419F-B670-76DE7B456713}.Debug|x64.ActiveCfg = Debug|Any CPU
		{9A98E8B2-EB82-419F-B670-76DE7B456713}.Debug|x64.Build.0 = Debug|Any CPU
		{9A98E8B2-EB82-419F-B670-76DE7B456713}.Debug|x86.ActiveCfg = Debug|Any CPU
		{9A98E8B2-EB82-419F-B670-76DE7B456713}.Debug|x86.Build.0 = Debug|Any CPU
		{9A98E8B2-EB82-419F-B670-76DE7B456713}.Release|Any CPU.ActiveCfg = Release|Any CPU
		{9A98E8B2-EB82-419F-B670-76DE7B456713}.Release|Any CPU.Build.0 = Release|Any CPU
		{9A98E8B2-EB82-419F-B670-76DE7B456713}.Release|x64.ActiveCfg = Release|Any CPU
		{9A98E8B2-EB82-419F-B670-76DE7B456713}.Release|x64.Build.0 = Release|Any CPU
		{9A98E8B2-EB82-419F-B670-76DE7B456713}.Release|x86.ActiveCfg = Release|Any CPU
		{9A98E8B2-EB82-419F-B670-76DE7B456713}.Release|x86.Build.0 = Release|Any CPU
		{4F4D7385-9E06-4A15-BD7F-084BCB27A8DC}.Debug|Any CPU.ActiveCfg = Debug|Any CPU
		{4F4D7385-9E06-4A15-BD7F-084BCB27A8DC}.Debug|Any CPU.Build.0 = Debug|Any CPU
		{4F4D7385-9E06-4A15-BD7F-084BCB27A8DC}.Debug|x64.ActiveCfg = Debug|Any CPU
		{4F4D7385-9E06-4A15-BD7F-084BCB27A8DC}.Debug|x64.Build.0 = Debug|Any CPU
		{4F4D7385-9E06-4A15-BD7F-084BCB27A8DC}.Debug|x86.ActiveCfg = Debug|Any CPU
		{4F4D7385-9E06-4A15-BD7F-084BCB27A8DC}.Debug|x86.Build.0 = Debug|Any CPU
		{4F4D7385-9E06-4A15-BD7F-084BCB27A8DC}.Release|Any CPU.ActiveCfg = Release|Any CPU
		{4F4D7385-9E06-4A15-BD7F-084BCB27A8DC}.Release|Any CPU.Build.0 = Release|Any CPU
		{4F4D7385-9E06-4A15-BD7F-084BCB27A8DC}.Release|x64.ActiveCfg = Release|Any CPU
		{4F4D7385-9E06-4A15-BD7F-084BCB27A8DC}.Release|x64.Build.0 = Release|Any CPU
		{4F4D7385-9E06-4A15-BD7F-084BCB27A8DC}.Release|x86.ActiveCfg = Release|Any CPU
		{4F4D7385-9E06-4A15-BD7F-084BCB27A8DC}.Release|x86.Build.0 = Release|Any CPU
		{587260B5-F4B1-47BB-92CB-E712BD87C095}.Debug|Any CPU.ActiveCfg = Debug|Any CPU
		{587260B5-F4B1-47BB-92CB-E712BD87C095}.Debug|Any CPU.Build.0 = Debug|Any CPU
		{587260B5-F4B1-47BB-92CB-E712BD87C095}.Debug|x64.ActiveCfg = Debug|Any CPU
		{587260B5-F4B1-47BB-92CB-E712BD87C095}.Debug|x64.Build.0 = Debug|Any CPU
		{587260B5-F4B1-47BB-92CB-E712BD87C095}.Debug|x86.ActiveCfg = Debug|Any CPU
		{587260B5-F4B1-47BB-92CB-E712BD87C095}.Debug|x86.Build.0 = Debug|Any CPU
		{587260B5-F4B1-47BB-92CB-E712BD87C095}.Release|Any CPU.ActiveCfg = Release|Any CPU
		{587260B5-F4B1-47BB-92CB-E712BD87C095}.Release|Any CPU.Build.0 = Release|Any CPU
		{587260B5-F4B1-47BB-92CB-E712BD87C095}.Release|x64.ActiveCfg = Release|Any CPU
		{587260B5-F4B1-47BB-92CB-E712BD87C095}.Release|x64.Build.0 = Release|Any CPU
		{587260B5-F4B1-47BB-92CB-E712BD87C095}.Release|x86.ActiveCfg = Release|Any CPU
		{587260B5-F4B1-47BB-92CB-E712BD87C095}.Release|x86.Build.0 = Release|Any CPU
		{8B551576-FE9A-4775-AAAD-A4EDB76BCD16}.Debug|Any CPU.ActiveCfg = Debug|Any CPU
		{8B551576-FE9A-4775-AAAD-A4EDB76BCD16}.Debug|Any CPU.Build.0 = Debug|Any CPU
		{8B551576-FE9A-4775-AAAD-A4EDB76BCD16}.Debug|x64.ActiveCfg = Debug|Any CPU
		{8B551576-FE9A-4775-AAAD-A4EDB76BCD16}.Debug|x64.Build.0 = Debug|Any CPU
		{8B551576-FE9A-4775-AAAD-A4EDB76BCD16}.Debug|x86.ActiveCfg = Debug|Any CPU
		{8B551576-FE9A-4775-AAAD-A4EDB76BCD16}.Debug|x86.Build.0 = Debug|Any CPU
		{8B551576-FE9A-4775-AAAD-A4EDB76BCD16}.Release|Any CPU.ActiveCfg = Release|Any CPU
		{8B551576-FE9A-4775-AAAD-A4EDB76BCD16}.Release|Any CPU.Build.0 = Release|Any CPU
		{8B551576-FE9A-4775-AAAD-A4EDB76BCD16}.Release|x64.ActiveCfg = Release|Any CPU
		{8B551576-FE9A-4775-AAAD-A4EDB76BCD16}.Release|x64.Build.0 = Release|Any CPU
		{8B551576-FE9A-4775-AAAD-A4EDB76BCD16}.Release|x86.ActiveCfg = Release|Any CPU
		{8B551576-FE9A-4775-AAAD-A4EDB76BCD16}.Release|x86.Build.0 = Release|Any CPU
		{CCB4E63D-140D-458F-B710-DEA01D9B2215}.Debug|Any CPU.ActiveCfg = Debug|Any CPU
		{CCB4E63D-140D-458F-B710-DEA01D9B2215}.Debug|Any CPU.Build.0 = Debug|Any CPU
		{CCB4E63D-140D-458F-B710-DEA01D9B2215}.Debug|x64.ActiveCfg = Debug|Any CPU
		{CCB4E63D-140D-458F-B710-DEA01D9B2215}.Debug|x64.Build.0 = Debug|Any CPU
		{CCB4E63D-140D-458F-B710-DEA01D9B2215}.Debug|x86.ActiveCfg = Debug|Any CPU
		{CCB4E63D-140D-458F-B710-DEA01D9B2215}.Debug|x86.Build.0 = Debug|Any CPU
		{CCB4E63D-140D-458F-B710-DEA01D9B2215}.Release|Any CPU.ActiveCfg = Release|Any CPU
		{CCB4E63D-140D-458F-B710-DEA01D9B2215}.Release|Any CPU.Build.0 = Release|Any CPU
		{CCB4E63D-140D-458F-B710-DEA01D9B2215}.Release|x64.ActiveCfg = Release|Any CPU
		{CCB4E63D-140D-458F-B710-DEA01D9B2215}.Release|x64.Build.0 = Release|Any CPU
		{CCB4E63D-140D-458F-B710-DEA01D9B2215}.Release|x86.ActiveCfg = Release|Any CPU
		{CCB4E63D-140D-458F-B710-DEA01D9B2215}.Release|x86.Build.0 = Release|Any CPU
		{38E83F93-1173-4241-8A0C-6D2C7CFB9670}.Debug|Any CPU.ActiveCfg = Debug|Any CPU
		{38E83F93-1173-4241-8A0C-6D2C7CFB9670}.Debug|Any CPU.Build.0 = Debug|Any CPU
		{38E83F93-1173-4241-8A0C-6D2C7CFB9670}.Debug|x64.ActiveCfg = Debug|Any CPU
		{38E83F93-1173-4241-8A0C-6D2C7CFB9670}.Debug|x64.Build.0 = Debug|Any CPU
		{38E83F93-1173-4241-8A0C-6D2C7CFB9670}.Debug|x86.ActiveCfg = Debug|Any CPU
		{38E83F93-1173-4241-8A0C-6D2C7CFB9670}.Debug|x86.Build.0 = Debug|Any CPU
		{38E83F93-1173-4241-8A0C-6D2C7CFB9670}.Release|Any CPU.ActiveCfg = Release|Any CPU
		{38E83F93-1173-4241-8A0C-6D2C7CFB9670}.Release|Any CPU.Build.0 = Release|Any CPU
		{38E83F93-1173-4241-8A0C-6D2C7CFB9670}.Release|x64.ActiveCfg = Release|Any CPU
		{38E83F93-1173-4241-8A0C-6D2C7CFB9670}.Release|x64.Build.0 = Release|Any CPU
		{38E83F93-1173-4241-8A0C-6D2C7CFB9670}.Release|x86.ActiveCfg = Release|Any CPU
		{38E83F93-1173-4241-8A0C-6D2C7CFB9670}.Release|x86.Build.0 = Release|Any CPU
		{BAFB3B7F-5C75-4A58-A922-303F5669A118}.Debug|Any CPU.ActiveCfg = Debug|Any CPU
		{BAFB3B7F-5C75-4A58-A922-303F5669A118}.Debug|Any CPU.Build.0 = Debug|Any CPU
		{BAFB3B7F-5C75-4A58-A922-303F5669A118}.Debug|x64.ActiveCfg = Debug|Any CPU
		{BAFB3B7F-5C75-4A58-A922-303F5669A118}.Debug|x64.Build.0 = Debug|Any CPU
		{BAFB3B7F-5C75-4A58-A922-303F5669A118}.Debug|x86.ActiveCfg = Debug|Any CPU
		{BAFB3B7F-5C75-4A58-A922-303F5669A118}.Debug|x86.Build.0 = Debug|Any CPU
		{BAFB3B7F-5C75-4A58-A922-303F5669A118}.Release|Any CPU.ActiveCfg = Release|Any CPU
		{BAFB3B7F-5C75-4A58-A922-303F5669A118}.Release|Any CPU.Build.0 = Release|Any CPU
		{BAFB3B7F-5C75-4A58-A922-303F5669A118}.Release|x64.ActiveCfg = Release|Any CPU
		{BAFB3B7F-5C75-4A58-A922-303F5669A118}.Release|x64.Build.0 = Release|Any CPU
		{BAFB3B7F-5C75-4A58-A922-303F5669A118}.Release|x86.ActiveCfg = Release|Any CPU
		{BAFB3B7F-5C75-4A58-A922-303F5669A118}.Release|x86.Build.0 = Release|Any CPU
		{C186C41B-EF18-473C-BE9F-27E0394D0D12}.Debug|Any CPU.ActiveCfg = Debug|Any CPU
		{C186C41B-EF18-473C-BE9F-27E0394D0D12}.Debug|Any CPU.Build.0 = Debug|Any CPU
		{C186C41B-EF18-473C-BE9F-27E0394D0D12}.Debug|x64.ActiveCfg = Debug|Any CPU
		{C186C41B-EF18-473C-BE9F-27E0394D0D12}.Debug|x64.Build.0 = Debug|Any CPU
		{C186C41B-EF18-473C-BE9F-27E0394D0D12}.Debug|x86.ActiveCfg = Debug|Any CPU
		{C186C41B-EF18-473C-BE9F-27E0394D0D12}.Debug|x86.Build.0 = Debug|Any CPU
		{C186C41B-EF18-473C-BE9F-27E0394D0D12}.Release|Any CPU.ActiveCfg = Release|Any CPU
		{C186C41B-EF18-473C-BE9F-27E0394D0D12}.Release|Any CPU.Build.0 = Release|Any CPU
		{C186C41B-EF18-473C-BE9F-27E0394D0D12}.Release|x64.ActiveCfg = Release|Any CPU
		{C186C41B-EF18-473C-BE9F-27E0394D0D12}.Release|x64.Build.0 = Release|Any CPU
		{C186C41B-EF18-473C-BE9F-27E0394D0D12}.Release|x86.ActiveCfg = Release|Any CPU
		{C186C41B-EF18-473C-BE9F-27E0394D0D12}.Release|x86.Build.0 = Release|Any CPU
		{FD3A2874-075E-4F6B-9AA1-187BB5155A86}.Debug|Any CPU.ActiveCfg = Debug|Any CPU
		{FD3A2874-075E-4F6B-9AA1-187BB5155A86}.Debug|Any CPU.Build.0 = Debug|Any CPU
		{FD3A2874-075E-4F6B-9AA1-187BB5155A86}.Debug|x64.ActiveCfg = Debug|Any CPU
		{FD3A2874-075E-4F6B-9AA1-187BB5155A86}.Debug|x64.Build.0 = Debug|Any CPU
		{FD3A2874-075E-4F6B-9AA1-187BB5155A86}.Debug|x86.ActiveCfg = Debug|Any CPU
		{FD3A2874-075E-4F6B-9AA1-187BB5155A86}.Debug|x86.Build.0 = Debug|Any CPU
		{FD3A2874-075E-4F6B-9AA1-187BB5155A86}.Release|Any CPU.ActiveCfg = Release|Any CPU
		{FD3A2874-075E-4F6B-9AA1-187BB5155A86}.Release|Any CPU.Build.0 = Release|Any CPU
		{FD3A2874-075E-4F6B-9AA1-187BB5155A86}.Release|x64.ActiveCfg = Release|Any CPU
		{FD3A2874-075E-4F6B-9AA1-187BB5155A86}.Release|x64.Build.0 = Release|Any CPU
		{FD3A2874-075E-4F6B-9AA1-187BB5155A86}.Release|x86.ActiveCfg = Release|Any CPU
		{FD3A2874-075E-4F6B-9AA1-187BB5155A86}.Release|x86.Build.0 = Release|Any CPU
		{547118B9-950C-43A4-A487-4838B8405A83}.Debug|Any CPU.ActiveCfg = Debug|Any CPU
		{547118B9-950C-43A4-A487-4838B8405A83}.Debug|Any CPU.Build.0 = Debug|Any CPU
		{547118B9-950C-43A4-A487-4838B8405A83}.Debug|x64.ActiveCfg = Debug|Any CPU
		{547118B9-950C-43A4-A487-4838B8405A83}.Debug|x64.Build.0 = Debug|Any CPU
		{547118B9-950C-43A4-A487-4838B8405A83}.Debug|x86.ActiveCfg = Debug|Any CPU
		{547118B9-950C-43A4-A487-4838B8405A83}.Debug|x86.Build.0 = Debug|Any CPU
		{547118B9-950C-43A4-A487-4838B8405A83}.Release|Any CPU.ActiveCfg = Release|Any CPU
		{547118B9-950C-43A4-A487-4838B8405A83}.Release|Any CPU.Build.0 = Release|Any CPU
		{547118B9-950C-43A4-A487-4838B8405A83}.Release|x64.ActiveCfg = Release|Any CPU
		{547118B9-950C-43A4-A487-4838B8405A83}.Release|x64.Build.0 = Release|Any CPU
		{547118B9-950C-43A4-A487-4838B8405A83}.Release|x86.ActiveCfg = Release|Any CPU
		{547118B9-950C-43A4-A487-4838B8405A83}.Release|x86.Build.0 = Release|Any CPU
		{312D5C2F-4FCE-4273-96A4-C9FF42C59494}.Debug|Any CPU.ActiveCfg = Debug|Any CPU
		{312D5C2F-4FCE-4273-96A4-C9FF42C59494}.Debug|Any CPU.Build.0 = Debug|Any CPU
		{312D5C2F-4FCE-4273-96A4-C9FF42C59494}.Debug|x64.ActiveCfg = Debug|Any CPU
		{312D5C2F-4FCE-4273-96A4-C9FF42C59494}.Debug|x64.Build.0 = Debug|Any CPU
		{312D5C2F-4FCE-4273-96A4-C9FF42C59494}.Debug|x86.ActiveCfg = Debug|Any CPU
		{312D5C2F-4FCE-4273-96A4-C9FF42C59494}.Debug|x86.Build.0 = Debug|Any CPU
		{312D5C2F-4FCE-4273-96A4-C9FF42C59494}.Release|Any CPU.ActiveCfg = Release|Any CPU
		{312D5C2F-4FCE-4273-96A4-C9FF42C59494}.Release|Any CPU.Build.0 = Release|Any CPU
		{312D5C2F-4FCE-4273-96A4-C9FF42C59494}.Release|x64.ActiveCfg = Release|Any CPU
		{312D5C2F-4FCE-4273-96A4-C9FF42C59494}.Release|x64.Build.0 = Release|Any CPU
		{312D5C2F-4FCE-4273-96A4-C9FF42C59494}.Release|x86.ActiveCfg = Release|Any CPU
		{312D5C2F-4FCE-4273-96A4-C9FF42C59494}.Release|x86.Build.0 = Release|Any CPU
		{72171F6E-3D71-428E-8F02-8B595884D078}.Debug|Any CPU.ActiveCfg = Debug|Any CPU
		{72171F6E-3D71-428E-8F02-8B595884D078}.Debug|Any CPU.Build.0 = Debug|Any CPU
		{72171F6E-3D71-428E-8F02-8B595884D078}.Debug|x64.ActiveCfg = Debug|Any CPU
		{72171F6E-3D71-428E-8F02-8B595884D078}.Debug|x64.Build.0 = Debug|Any CPU
		{72171F6E-3D71-428E-8F02-8B595884D078}.Debug|x86.ActiveCfg = Debug|Any CPU
		{72171F6E-3D71-428E-8F02-8B595884D078}.Debug|x86.Build.0 = Debug|Any CPU
		{72171F6E-3D71-428E-8F02-8B595884D078}.Release|Any CPU.ActiveCfg = Release|Any CPU
		{72171F6E-3D71-428E-8F02-8B595884D078}.Release|Any CPU.Build.0 = Release|Any CPU
		{72171F6E-3D71-428E-8F02-8B595884D078}.Release|x64.ActiveCfg = Release|Any CPU
		{72171F6E-3D71-428E-8F02-8B595884D078}.Release|x64.Build.0 = Release|Any CPU
		{72171F6E-3D71-428E-8F02-8B595884D078}.Release|x86.ActiveCfg = Release|Any CPU
		{72171F6E-3D71-428E-8F02-8B595884D078}.Release|x86.Build.0 = Release|Any CPU
		{D4889B68-54D1-47E1-9A16-033B1EF98480}.Debug|Any CPU.ActiveCfg = Debug|Any CPU
		{D4889B68-54D1-47E1-9A16-033B1EF98480}.Debug|Any CPU.Build.0 = Debug|Any CPU
		{D4889B68-54D1-47E1-9A16-033B1EF98480}.Debug|x64.ActiveCfg = Debug|Any CPU
		{D4889B68-54D1-47E1-9A16-033B1EF98480}.Debug|x64.Build.0 = Debug|Any CPU
		{D4889B68-54D1-47E1-9A16-033B1EF98480}.Debug|x86.ActiveCfg = Debug|Any CPU
		{D4889B68-54D1-47E1-9A16-033B1EF98480}.Debug|x86.Build.0 = Debug|Any CPU
		{D4889B68-54D1-47E1-9A16-033B1EF98480}.Release|Any CPU.ActiveCfg = Release|Any CPU
		{D4889B68-54D1-47E1-9A16-033B1EF98480}.Release|Any CPU.Build.0 = Release|Any CPU
		{D4889B68-54D1-47E1-9A16-033B1EF98480}.Release|x64.ActiveCfg = Release|Any CPU
		{D4889B68-54D1-47E1-9A16-033B1EF98480}.Release|x64.Build.0 = Release|Any CPU
		{D4889B68-54D1-47E1-9A16-033B1EF98480}.Release|x86.ActiveCfg = Release|Any CPU
		{D4889B68-54D1-47E1-9A16-033B1EF98480}.Release|x86.Build.0 = Release|Any CPU
		{EAF5E849-C948-4FF5-B71E-A458F0D49EC4}.Debug|Any CPU.ActiveCfg = Debug|Any CPU
		{EAF5E849-C948-4FF5-B71E-A458F0D49EC4}.Debug|Any CPU.Build.0 = Debug|Any CPU
		{EAF5E849-C948-4FF5-B71E-A458F0D49EC4}.Debug|x64.ActiveCfg = Debug|Any CPU
		{EAF5E849-C948-4FF5-B71E-A458F0D49EC4}.Debug|x64.Build.0 = Debug|Any CPU
		{EAF5E849-C948-4FF5-B71E-A458F0D49EC4}.Debug|x86.ActiveCfg = Debug|Any CPU
		{EAF5E849-C948-4FF5-B71E-A458F0D49EC4}.Debug|x86.Build.0 = Debug|Any CPU
		{EAF5E849-C948-4FF5-B71E-A458F0D49EC4}.Release|Any CPU.ActiveCfg = Release|Any CPU
		{EAF5E849-C948-4FF5-B71E-A458F0D49EC4}.Release|Any CPU.Build.0 = Release|Any CPU
		{EAF5E849-C948-4FF5-B71E-A458F0D49EC4}.Release|x64.ActiveCfg = Release|Any CPU
		{EAF5E849-C948-4FF5-B71E-A458F0D49EC4}.Release|x64.Build.0 = Release|Any CPU
		{EAF5E849-C948-4FF5-B71E-A458F0D49EC4}.Release|x86.ActiveCfg = Release|Any CPU
		{EAF5E849-C948-4FF5-B71E-A458F0D49EC4}.Release|x86.Build.0 = Release|Any CPU
		{27CF0295-D4DB-4C2A-8DAE-7933AF26DE25}.Debug|Any CPU.ActiveCfg = Debug|Any CPU
		{27CF0295-D4DB-4C2A-8DAE-7933AF26DE25}.Debug|Any CPU.Build.0 = Debug|Any CPU
		{27CF0295-D4DB-4C2A-8DAE-7933AF26DE25}.Debug|x64.ActiveCfg = Debug|Any CPU
		{27CF0295-D4DB-4C2A-8DAE-7933AF26DE25}.Debug|x64.Build.0 = Debug|Any CPU
		{27CF0295-D4DB-4C2A-8DAE-7933AF26DE25}.Debug|x86.ActiveCfg = Debug|Any CPU
		{27CF0295-D4DB-4C2A-8DAE-7933AF26DE25}.Debug|x86.Build.0 = Debug|Any CPU
		{27CF0295-D4DB-4C2A-8DAE-7933AF26DE25}.Release|Any CPU.ActiveCfg = Release|Any CPU
		{27CF0295-D4DB-4C2A-8DAE-7933AF26DE25}.Release|Any CPU.Build.0 = Release|Any CPU
		{27CF0295-D4DB-4C2A-8DAE-7933AF26DE25}.Release|x64.ActiveCfg = Release|Any CPU
		{27CF0295-D4DB-4C2A-8DAE-7933AF26DE25}.Release|x64.Build.0 = Release|Any CPU
		{27CF0295-D4DB-4C2A-8DAE-7933AF26DE25}.Release|x86.ActiveCfg = Release|Any CPU
		{27CF0295-D4DB-4C2A-8DAE-7933AF26DE25}.Release|x86.Build.0 = Release|Any CPU
		{8184DE68-280A-4BC8-9FB1-C9D92B16FCF6}.Debug|Any CPU.ActiveCfg = Debug|Any CPU
		{8184DE68-280A-4BC8-9FB1-C9D92B16FCF6}.Debug|Any CPU.Build.0 = Debug|Any CPU
		{8184DE68-280A-4BC8-9FB1-C9D92B16FCF6}.Debug|x64.ActiveCfg = Debug|Any CPU
		{8184DE68-280A-4BC8-9FB1-C9D92B16FCF6}.Debug|x64.Build.0 = Debug|Any CPU
		{8184DE68-280A-4BC8-9FB1-C9D92B16FCF6}.Debug|x86.ActiveCfg = Debug|Any CPU
		{8184DE68-280A-4BC8-9FB1-C9D92B16FCF6}.Debug|x86.Build.0 = Debug|Any CPU
		{8184DE68-280A-4BC8-9FB1-C9D92B16FCF6}.Release|Any CPU.ActiveCfg = Release|Any CPU
		{8184DE68-280A-4BC8-9FB1-C9D92B16FCF6}.Release|Any CPU.Build.0 = Release|Any CPU
		{8184DE68-280A-4BC8-9FB1-C9D92B16FCF6}.Release|x64.ActiveCfg = Release|Any CPU
		{8184DE68-280A-4BC8-9FB1-C9D92B16FCF6}.Release|x64.Build.0 = Release|Any CPU
		{8184DE68-280A-4BC8-9FB1-C9D92B16FCF6}.Release|x86.ActiveCfg = Release|Any CPU
		{8184DE68-280A-4BC8-9FB1-C9D92B16FCF6}.Release|x86.Build.0 = Release|Any CPU
		{130DBA8E-D8D8-4537-9252-F9D81CEF44F6}.Debug|Any CPU.ActiveCfg = Debug|Any CPU
		{130DBA8E-D8D8-4537-9252-F9D81CEF44F6}.Debug|Any CPU.Build.0 = Debug|Any CPU
		{130DBA8E-D8D8-4537-9252-F9D81CEF44F6}.Debug|x64.ActiveCfg = Debug|Any CPU
		{130DBA8E-D8D8-4537-9252-F9D81CEF44F6}.Debug|x64.Build.0 = Debug|Any CPU
		{130DBA8E-D8D8-4537-9252-F9D81CEF44F6}.Debug|x86.ActiveCfg = Debug|Any CPU
		{130DBA8E-D8D8-4537-9252-F9D81CEF44F6}.Debug|x86.Build.0 = Debug|Any CPU
		{130DBA8E-D8D8-4537-9252-F9D81CEF44F6}.Release|Any CPU.ActiveCfg = Release|Any CPU
		{130DBA8E-D8D8-4537-9252-F9D81CEF44F6}.Release|Any CPU.Build.0 = Release|Any CPU
		{130DBA8E-D8D8-4537-9252-F9D81CEF44F6}.Release|x64.ActiveCfg = Release|Any CPU
		{130DBA8E-D8D8-4537-9252-F9D81CEF44F6}.Release|x64.Build.0 = Release|Any CPU
		{130DBA8E-D8D8-4537-9252-F9D81CEF44F6}.Release|x86.ActiveCfg = Release|Any CPU
		{130DBA8E-D8D8-4537-9252-F9D81CEF44F6}.Release|x86.Build.0 = Release|Any CPU
		{88EA17AD-6CEC-45CE-97DF-0B1F35B69FA4}.Debug|Any CPU.ActiveCfg = Debug|Any CPU
		{88EA17AD-6CEC-45CE-97DF-0B1F35B69FA4}.Debug|Any CPU.Build.0 = Debug|Any CPU
		{88EA17AD-6CEC-45CE-97DF-0B1F35B69FA4}.Debug|x64.ActiveCfg = Debug|Any CPU
		{88EA17AD-6CEC-45CE-97DF-0B1F35B69FA4}.Debug|x64.Build.0 = Debug|Any CPU
		{88EA17AD-6CEC-45CE-97DF-0B1F35B69FA4}.Debug|x86.ActiveCfg = Debug|Any CPU
		{88EA17AD-6CEC-45CE-97DF-0B1F35B69FA4}.Debug|x86.Build.0 = Debug|Any CPU
		{88EA17AD-6CEC-45CE-97DF-0B1F35B69FA4}.Release|Any CPU.ActiveCfg = Release|Any CPU
		{88EA17AD-6CEC-45CE-97DF-0B1F35B69FA4}.Release|Any CPU.Build.0 = Release|Any CPU
		{88EA17AD-6CEC-45CE-97DF-0B1F35B69FA4}.Release|x64.ActiveCfg = Release|Any CPU
		{88EA17AD-6CEC-45CE-97DF-0B1F35B69FA4}.Release|x64.Build.0 = Release|Any CPU
		{88EA17AD-6CEC-45CE-97DF-0B1F35B69FA4}.Release|x86.ActiveCfg = Release|Any CPU
		{88EA17AD-6CEC-45CE-97DF-0B1F35B69FA4}.Release|x86.Build.0 = Release|Any CPU
		{1B339AC0-1405-4561-9E2F-F7EF386791F6}.Debug|Any CPU.ActiveCfg = Debug|Any CPU
		{1B339AC0-1405-4561-9E2F-F7EF386791F6}.Debug|Any CPU.Build.0 = Debug|Any CPU
		{1B339AC0-1405-4561-9E2F-F7EF386791F6}.Debug|x64.ActiveCfg = Debug|Any CPU
		{1B339AC0-1405-4561-9E2F-F7EF386791F6}.Debug|x64.Build.0 = Debug|Any CPU
		{1B339AC0-1405-4561-9E2F-F7EF386791F6}.Debug|x86.ActiveCfg = Debug|Any CPU
		{1B339AC0-1405-4561-9E2F-F7EF386791F6}.Debug|x86.Build.0 = Debug|Any CPU
		{1B339AC0-1405-4561-9E2F-F7EF386791F6}.Release|Any CPU.ActiveCfg = Release|Any CPU
		{1B339AC0-1405-4561-9E2F-F7EF386791F6}.Release|Any CPU.Build.0 = Release|Any CPU
		{1B339AC0-1405-4561-9E2F-F7EF386791F6}.Release|x64.ActiveCfg = Release|Any CPU
		{1B339AC0-1405-4561-9E2F-F7EF386791F6}.Release|x64.Build.0 = Release|Any CPU
		{1B339AC0-1405-4561-9E2F-F7EF386791F6}.Release|x86.ActiveCfg = Release|Any CPU
		{1B339AC0-1405-4561-9E2F-F7EF386791F6}.Release|x86.Build.0 = Release|Any CPU
		{C39B10DD-188F-4F60-9081-2007DB347AA5}.Debug|Any CPU.ActiveCfg = Debug|Any CPU
		{C39B10DD-188F-4F60-9081-2007DB347AA5}.Debug|Any CPU.Build.0 = Debug|Any CPU
		{C39B10DD-188F-4F60-9081-2007DB347AA5}.Debug|x64.ActiveCfg = Debug|Any CPU
		{C39B10DD-188F-4F60-9081-2007DB347AA5}.Debug|x64.Build.0 = Debug|Any CPU
		{C39B10DD-188F-4F60-9081-2007DB347AA5}.Debug|x86.ActiveCfg = Debug|Any CPU
		{C39B10DD-188F-4F60-9081-2007DB347AA5}.Debug|x86.Build.0 = Debug|Any CPU
		{C39B10DD-188F-4F60-9081-2007DB347AA5}.Release|Any CPU.ActiveCfg = Release|Any CPU
		{C39B10DD-188F-4F60-9081-2007DB347AA5}.Release|Any CPU.Build.0 = Release|Any CPU
		{C39B10DD-188F-4F60-9081-2007DB347AA5}.Release|x64.ActiveCfg = Release|Any CPU
		{C39B10DD-188F-4F60-9081-2007DB347AA5}.Release|x64.Build.0 = Release|Any CPU
		{C39B10DD-188F-4F60-9081-2007DB347AA5}.Release|x86.ActiveCfg = Release|Any CPU
		{C39B10DD-188F-4F60-9081-2007DB347AA5}.Release|x86.Build.0 = Release|Any CPU
		{55835B24-DC17-4DA5-8ECB-ABA1910D5683}.Debug|Any CPU.ActiveCfg = Debug|Any CPU
		{55835B24-DC17-4DA5-8ECB-ABA1910D5683}.Debug|Any CPU.Build.0 = Debug|Any CPU
		{55835B24-DC17-4DA5-8ECB-ABA1910D5683}.Debug|x64.ActiveCfg = Debug|Any CPU
		{55835B24-DC17-4DA5-8ECB-ABA1910D5683}.Debug|x64.Build.0 = Debug|Any CPU
		{55835B24-DC17-4DA5-8ECB-ABA1910D5683}.Debug|x86.ActiveCfg = Debug|Any CPU
		{55835B24-DC17-4DA5-8ECB-ABA1910D5683}.Debug|x86.Build.0 = Debug|Any CPU
		{55835B24-DC17-4DA5-8ECB-ABA1910D5683}.Release|Any CPU.ActiveCfg = Release|Any CPU
		{55835B24-DC17-4DA5-8ECB-ABA1910D5683}.Release|Any CPU.Build.0 = Release|Any CPU
		{55835B24-DC17-4DA5-8ECB-ABA1910D5683}.Release|x64.ActiveCfg = Release|Any CPU
		{55835B24-DC17-4DA5-8ECB-ABA1910D5683}.Release|x64.Build.0 = Release|Any CPU
		{55835B24-DC17-4DA5-8ECB-ABA1910D5683}.Release|x86.ActiveCfg = Release|Any CPU
		{55835B24-DC17-4DA5-8ECB-ABA1910D5683}.Release|x86.Build.0 = Release|Any CPU
	EndGlobalSection
	GlobalSection(SolutionProperties) = preSolution
		HideSolutionNode = FALSE
	EndGlobalSection
	GlobalSection(NestedProjects) = preSolution
		{130DBA8E-D8D8-4537-9252-F9D81CEF44F6} = {12175E0D-D884-4DED-92DC-F2886707F8BE}
		{88EA17AD-6CEC-45CE-97DF-0B1F35B69FA4} = {12175E0D-D884-4DED-92DC-F2886707F8BE}
		{1B339AC0-1405-4561-9E2F-F7EF386791F6} = {12175E0D-D884-4DED-92DC-F2886707F8BE}
		{C39B10DD-188F-4F60-9081-2007DB347AA5} = {12175E0D-D884-4DED-92DC-F2886707F8BE}
		{55835B24-DC17-4DA5-8ECB-ABA1910D5683} = {12175E0D-D884-4DED-92DC-F2886707F8BE}
	EndGlobalSection
	GlobalSection(ExtensibilityGlobals) = postSolution
		SolutionGuid = {21D02F84-8F1C-4077-8A25-B89A38A8FEB9}
	EndGlobalSection
EndGlobal
